
Microsoft Visual Studio Solution File, Format Version 12.00
# Visual Studio 15
VisualStudioVersion = 15.0.28010.2019
MinimumVisualStudioVersion = 10.0.40219.1
Project("{FAE04EC0-301F-11D3-BF4B-00C04F79EFBC}") = "Demo", "Demo01\Demo.csproj", "{B4AD4E49-5524-42DE-9219-2CFE38BAAF8D}"
EndProject
Global
	GlobalSection(SolutionConfigurationPlatforms) = preSolution
		Debug|Any CPU = Debug|Any CPU
		Release|Any CPU = Release|Any CPU
	EndGlobalSection
	GlobalSection(ProjectConfigurationPlatforms) = postSolution
		{B4AD4E49-5524-42DE-9219-2CFE38BAAF8D}.Debug|Any CPU.ActiveCfg = Debug|Any CPU
		{B4AD4E49-5524-42DE-9219-2CFE38BAAF8D}.Debug|Any CPU.Build.0 = Debug|Any CPU
		{B4AD4E49-5524-42DE-9219-2CFE38BAAF8D}.Release|Any CPU.ActiveCfg = Release|Any CPU
		{B4AD4E49-5524-42DE-9219-2CFE38BAAF8D}.Release|Any CPU.Build.0 = Release|Any CPU
	EndGlobalSection
	GlobalSection(SolutionProperties) = preSolution
		HideSolutionNode = FALSE
	EndGlobalSection
	GlobalSection(ExtensibilityGlobals) = postSolution
		SolutionGuid = {75CEA46A-C69D-45CC-9398-809950C52C5B}
	EndGlobalSection
EndGlobal
